// !$*UTF8*$!
{
	archiveVersion = 1;
	classes = {
	};
	objectVersion = 56;
	objects = {

/* Begin PBXBuildFile section */
		681E9FC02C7C63D500E4A718 /* PickedListView.swift in Sources */ = {isa = PBXBuildFile; fileRef = 681E9FBF2C7C63D500E4A718 /* PickedListView.swift */; };
		681E9FC32C7C67D000E4A718 /* PickedListViewModel.swift in Sources */ = {isa = PBXBuildFile; fileRef = 681E9FC22C7C67D000E4A718 /* PickedListViewModel.swift */; };
		681E9FC52C7C6AA800E4A718 /* PickedListCell.swift in Sources */ = {isa = PBXBuildFile; fileRef = 681E9FC42C7C6AA800E4A718 /* PickedListCell.swift */; };
		681E9FC82C7C7CB000E4A718 /* DetailViewController.swift in Sources */ = {isa = PBXBuildFile; fileRef = 681E9FC72C7C7CB000E4A718 /* DetailViewController.swift */; };
		681E9FCA2C7C7CCB00E4A718 /* DetailView.swift in Sources */ = {isa = PBXBuildFile; fileRef = 681E9FC92C7C7CCB00E4A718 /* DetailView.swift */; };
		681E9FCC2C7CD54A00E4A718 /* DetailCell.swift in Sources */ = {isa = PBXBuildFile; fileRef = 681E9FCB2C7CD54A00E4A718 /* DetailCell.swift */; };
		681E9FCE2C7CD61700E4A718 /* DetailViewModel.swift in Sources */ = {isa = PBXBuildFile; fileRef = 681E9FCD2C7CD61700E4A718 /* DetailViewModel.swift */; };
		681E9FDF2C7D941300E4A718 /* DetailWebViewController.swift in Sources */ = {isa = PBXBuildFile; fileRef = 681E9FDE2C7D941300E4A718 /* DetailWebViewController.swift */; };
		681E9FEA2C7ED88F00E4A718 /* PostLike.swift in Sources */ = {isa = PBXBuildFile; fileRef = 681E9FE92C7ED88F00E4A718 /* PostLike.swift */; };
		683477CE2C74F98300D0931B /* HTTPStatusCodes.swift in Sources */ = {isa = PBXBuildFile; fileRef = 683477CD2C74F98300D0931B /* HTTPStatusCodes.swift */; };
		683477D02C74FDCD00D0931B /* TokenUpdate.swift in Sources */ = {isa = PBXBuildFile; fileRef = 683477CF2C74FDCD00D0931B /* TokenUpdate.swift */; };
		683477D22C75099300D0931B /* MembershipVerification.swift in Sources */ = {isa = PBXBuildFile; fileRef = 683477D12C75099300D0931B /* MembershipVerification.swift */; };
		683477F02C75B6C800D0931B /* DateFormatter+.swift in Sources */ = {isa = PBXBuildFile; fileRef = 683477EF2C75B6C800D0931B /* DateFormatter+.swift */; };
		683477F22C75ED1600D0931B /* ViewPost.swift in Sources */ = {isa = PBXBuildFile; fileRef = 683477F12C75ED1600D0931B /* ViewPost.swift */; };
		686DBD322C7796500023960B /* SelectPhotoViewModel.swift in Sources */ = {isa = PBXBuildFile; fileRef = 686DBD312C7796500023960B /* SelectPhotoViewModel.swift */; };
		686DBD342C779DBA0023960B /* SelectPhotoCell.swift in Sources */ = {isa = PBXBuildFile; fileRef = 686DBD332C779DBA0023960B /* SelectPhotoCell.swift */; };
		686DBD372C7999FB0023960B /* writeViewModel.swift in Sources */ = {isa = PBXBuildFile; fileRef = 686DBD362C7999FB0023960B /* writeViewModel.swift */; };
		686DBD392C79A1B30023960B /* UITextView+.swift in Sources */ = {isa = PBXBuildFile; fileRef = 686DBD382C79A1B30023960B /* UITextView+.swift */; };
		686DBD3B2C79B0A10023960B /* WriteCell.swift in Sources */ = {isa = PBXBuildFile; fileRef = 686DBD3A2C79B0A10023960B /* WriteCell.swift */; };
		686DBD402C79B6280023960B /* HashTagModel.swift in Sources */ = {isa = PBXBuildFile; fileRef = 686DBD3F2C79B6280023960B /* HashTagModel.swift */; };
		686DBD422C79D0F90023960B /* SearchLocationViewController.swift in Sources */ = {isa = PBXBuildFile; fileRef = 686DBD412C79D0F90023960B /* SearchLocationViewController.swift */; };
		686DBD442C79D1BC0023960B /* SearchLocationView.swift in Sources */ = {isa = PBXBuildFile; fileRef = 686DBD432C79D1BC0023960B /* SearchLocationView.swift */; };
		686DBD462C79D56C0023960B /* SearchLocationViewModel.swift in Sources */ = {isa = PBXBuildFile; fileRef = 686DBD452C79D56C0023960B /* SearchLocationViewModel.swift */; };
		686DBD482C79D70E0023960B /* SearchLocation.swift in Sources */ = {isa = PBXBuildFile; fileRef = 686DBD472C79D70E0023960B /* SearchLocation.swift */; };
		686DBD4A2C79FAE10023960B /* SearchLocationCell.swift in Sources */ = {isa = PBXBuildFile; fileRef = 686DBD492C79FAE10023960B /* SearchLocationCell.swift */; };
		686DBD4C2C7B3EF10023960B /* Upload.swift in Sources */ = {isa = PBXBuildFile; fileRef = 686DBD4B2C7B3EF10023960B /* Upload.swift */; };
		68CED3392C6C8EF40043266A /* AppDelegate.swift in Sources */ = {isa = PBXBuildFile; fileRef = 68CED3382C6C8EF40043266A /* AppDelegate.swift */; };
		68CED33B2C6C8EF40043266A /* SceneDelegate.swift in Sources */ = {isa = PBXBuildFile; fileRef = 68CED33A2C6C8EF40043266A /* SceneDelegate.swift */; };
		68CED3422C6C8EF50043266A /* Assets.xcassets in Resources */ = {isa = PBXBuildFile; fileRef = 68CED3412C6C8EF50043266A /* Assets.xcassets */; };
		68CED3452C6C8EF50043266A /* Base in Resources */ = {isa = PBXBuildFile; fileRef = 68CED3442C6C8EF50043266A /* Base */; };
		68CED34D2C6C8F390043266A /* .gitignore in Resources */ = {isa = PBXBuildFile; fileRef = 68CED34C2C6C8F390043266A /* .gitignore */; };
		68CED34F2C6C8F540043266A /* APIKey.swift in Sources */ = {isa = PBXBuildFile; fileRef = 68CED34E2C6C8F540043266A /* APIKey.swift */; };
		68CED3522C6C91470043266A /* Alamofire in Frameworks */ = {isa = PBXBuildFile; productRef = 68CED3512C6C91470043266A /* Alamofire */; };
		68CED3552C6C91500043266A /* Kingfisher in Frameworks */ = {isa = PBXBuildFile; productRef = 68CED3542C6C91500043266A /* Kingfisher */; };
		68CED3582C6C915C0043266A /* SnapKit in Frameworks */ = {isa = PBXBuildFile; productRef = 68CED3572C6C915C0043266A /* SnapKit */; };
		68CED35B2C6C916C0043266A /* RxCocoa in Frameworks */ = {isa = PBXBuildFile; productRef = 68CED35A2C6C916C0043266A /* RxCocoa */; };
		68CED35D2C6C916C0043266A /* RxSwift in Frameworks */ = {isa = PBXBuildFile; productRef = 68CED35C2C6C916C0043266A /* RxSwift */; };
		68CED3642C6F1FF80043266A /* LoginViewController.swift in Sources */ = {isa = PBXBuildFile; fileRef = 68CED3632C6F1FF80043266A /* LoginViewController.swift */; };
		68CED3662C6F20240043266A /* addSubviews+.swift in Sources */ = {isa = PBXBuildFile; fileRef = 68CED3652C6F20240043266A /* addSubviews+.swift */; };
		68CED3682C6F20DE0043266A /* LoginView.swift in Sources */ = {isa = PBXBuildFile; fileRef = 68CED3672C6F20DE0043266A /* LoginView.swift */; };
		68CED36B2C6F22160043266A /* ViewRepresentable.swift in Sources */ = {isa = PBXBuildFile; fileRef = 68CED36A2C6F22160043266A /* ViewRepresentable.swift */; };
		68CED36D2C6F2AA20043266A /* LoginViewModel.swift in Sources */ = {isa = PBXBuildFile; fileRef = 68CED36C2C6F2AA20043266A /* LoginViewModel.swift */; };
		68CED36F2C6F2BD70043266A /* BaseViewModel.swift in Sources */ = {isa = PBXBuildFile; fileRef = 68CED36E2C6F2BD70043266A /* BaseViewModel.swift */; };
		68CED3722C6F2F8C0043266A /* NetworkManager.swift in Sources */ = {isa = PBXBuildFile; fileRef = 68CED3712C6F2F8C0043266A /* NetworkManager.swift */; };
		68CED3752C6F2FEC0043266A /* SignUpViewController.swift in Sources */ = {isa = PBXBuildFile; fileRef = 68CED3742C6F2FEC0043266A /* SignUpViewController.swift */; };
		68CED3772C6F300A0043266A /* SignUpView.swift in Sources */ = {isa = PBXBuildFile; fileRef = 68CED3762C6F300A0043266A /* SignUpView.swift */; };
		68CED37A2C6F35320043266A /* Router.swift in Sources */ = {isa = PBXBuildFile; fileRef = 68CED3792C6F35320043266A /* Router.swift */; };
		68CED37C2C6F357C0043266A /* TargetType.swift in Sources */ = {isa = PBXBuildFile; fileRef = 68CED37B2C6F357C0043266A /* TargetType.swift */; };
		68CED37E2C6F4BCA0043266A /* Header.swift in Sources */ = {isa = PBXBuildFile; fileRef = 68CED37D2C6F4BCA0043266A /* Header.swift */; };
		68CED3812C6F4DC30043266A /* APIQuery.swift in Sources */ = {isa = PBXBuildFile; fileRef = 68CED3802C6F4DC30043266A /* APIQuery.swift */; };
		68CED3862C6F50390043266A /* SignUpViewModel.swift in Sources */ = {isa = PBXBuildFile; fileRef = 68CED3852C6F50390043266A /* SignUpViewModel.swift */; };
		68CED38A2C70AD210043266A /* UIViewController+.swift in Sources */ = {isa = PBXBuildFile; fileRef = 68CED3892C70AD210043266A /* UIViewController+.swift */; };
		68CED38E2C70B9510043266A /* UserDefaultsManager.swift in Sources */ = {isa = PBXBuildFile; fileRef = 68CED38D2C70B9510043266A /* UserDefaultsManager.swift */; };
		68CED3942C70BC4C0043266A /* FeedViewController.swift in Sources */ = {isa = PBXBuildFile; fileRef = 68CED3932C70BC4C0043266A /* FeedViewController.swift */; };
		68CED3962C70D7C60043266A /* UILabel+.swift in Sources */ = {isa = PBXBuildFile; fileRef = 68CED3952C70D7C60043266A /* UILabel+.swift */; };
		68CED3982C71D8D70043266A /* FeedView.swift in Sources */ = {isa = PBXBuildFile; fileRef = 68CED3972C71D8D70043266A /* FeedView.swift */; };
		68CED39A2C71D9A60043266A /* FeedViewModel.swift in Sources */ = {isa = PBXBuildFile; fileRef = 68CED3992C71D9A60043266A /* FeedViewModel.swift */; };
		68CED39C2C71DBDD0043266A /* UIStackView+.swift in Sources */ = {isa = PBXBuildFile; fileRef = 68CED39B2C71DBDD0043266A /* UIStackView+.swift */; };
		68CED3A02C71DDED0043266A /* UIView+.swift in Sources */ = {isa = PBXBuildFile; fileRef = 68CED39F2C71DDED0043266A /* UIView+.swift */; };
		68CED3A22C71DE950043266A /* UIButton+.swift in Sources */ = {isa = PBXBuildFile; fileRef = 68CED3A12C71DE950043266A /* UIButton+.swift */; };
		68CED3A52C71E1D60043266A /* BaseView.swift in Sources */ = {isa = PBXBuildFile; fileRef = 68CED3A42C71E1D60043266A /* BaseView.swift */; };
		68CED3A72C71E4C40043266A /* UITextField+.swift in Sources */ = {isa = PBXBuildFile; fileRef = 68CED3A62C71E4C40043266A /* UITextField+.swift */; };
		68CED3A92C71E5A10043266A /* UIImageView+.swift in Sources */ = {isa = PBXBuildFile; fileRef = 68CED3A82C71E5A10043266A /* UIImageView+.swift */; };
		68CED3AB2C71E64C0043266A /* UIScrollView+.swift in Sources */ = {isa = PBXBuildFile; fileRef = 68CED3AA2C71E64C0043266A /* UIScrollView+.swift */; };
		68CED3AD2C720AFA0043266A /* FeedCell.swift in Sources */ = {isa = PBXBuildFile; fileRef = 68CED3AC2C720AFA0043266A /* FeedCell.swift */; };
		68CED3AF2C720B5B0043266A /* ReusableProtocol.swift in Sources */ = {isa = PBXBuildFile; fileRef = 68CED3AE2C720B5B0043266A /* ReusableProtocol.swift */; };
		68CED3B22C720DC70043266A /* DateDayTabBarController.swift in Sources */ = {isa = PBXBuildFile; fileRef = 68CED3B12C720DC70043266A /* DateDayTabBarController.swift */; };
		68CED3B62C720EE00043266A /* PickedListViewController.swift in Sources */ = {isa = PBXBuildFile; fileRef = 68CED3B52C720EE00043266A /* PickedListViewController.swift */; };
		68CED3B82C720F010043266A /* MyPageViewController.swift in Sources */ = {isa = PBXBuildFile; fileRef = 68CED3B72C720F000043266A /* MyPageViewController.swift */; };
		68CED3C32C73184B0043266A /* SearchViewController.swift in Sources */ = {isa = PBXBuildFile; fileRef = 68CED3C22C73184B0043266A /* SearchViewController.swift */; };
		68CED3C52C73186B0043266A /* SearchView.swift in Sources */ = {isa = PBXBuildFile; fileRef = 68CED3C42C73186B0043266A /* SearchView.swift */; };
		68CED3C72C73298F0043266A /* UISearchBar+.swift in Sources */ = {isa = PBXBuildFile; fileRef = 68CED3C62C73298E0043266A /* UISearchBar+.swift */; };
		68CED3CA2C732DF40043266A /* WriteViewController.swift in Sources */ = {isa = PBXBuildFile; fileRef = 68CED3C92C732DF40043266A /* WriteViewController.swift */; };
		68CED3CC2C732E180043266A /* WriteView.swift in Sources */ = {isa = PBXBuildFile; fileRef = 68CED3CB2C732E180043266A /* WriteView.swift */; };
		68CED3CF2C7338710043266A /* Cosmos in Frameworks */ = {isa = PBXBuildFile; productRef = 68CED3CE2C7338710043266A /* Cosmos */; };
		68CED3D52C7340B50043266A /* SelectPhotoViewController.swift in Sources */ = {isa = PBXBuildFile; fileRef = 68CED3D42C7340B50043266A /* SelectPhotoViewController.swift */; };
		68CED3D72C7340CF0043266A /* SelectPhotoView.swift in Sources */ = {isa = PBXBuildFile; fileRef = 68CED3D62C7340CF0043266A /* SelectPhotoView.swift */; };
/* End PBXBuildFile section */

/* Begin PBXFileReference section */
		681E9FBF2C7C63D500E4A718 /* PickedListView.swift */ = {isa = PBXFileReference; lastKnownFileType = sourcecode.swift; path = PickedListView.swift; sourceTree = "<group>"; };
		681E9FC22C7C67D000E4A718 /* PickedListViewModel.swift */ = {isa = PBXFileReference; lastKnownFileType = sourcecode.swift; path = PickedListViewModel.swift; sourceTree = "<group>"; };
		681E9FC42C7C6AA800E4A718 /* PickedListCell.swift */ = {isa = PBXFileReference; lastKnownFileType = sourcecode.swift; path = PickedListCell.swift; sourceTree = "<group>"; };
		681E9FC72C7C7CB000E4A718 /* DetailViewController.swift */ = {isa = PBXFileReference; lastKnownFileType = sourcecode.swift; path = DetailViewController.swift; sourceTree = "<group>"; };
		681E9FC92C7C7CCB00E4A718 /* DetailView.swift */ = {isa = PBXFileReference; lastKnownFileType = sourcecode.swift; path = DetailView.swift; sourceTree = "<group>"; };
		681E9FCB2C7CD54A00E4A718 /* DetailCell.swift */ = {isa = PBXFileReference; lastKnownFileType = sourcecode.swift; path = DetailCell.swift; sourceTree = "<group>"; };
		681E9FCD2C7CD61700E4A718 /* DetailViewModel.swift */ = {isa = PBXFileReference; lastKnownFileType = sourcecode.swift; path = DetailViewModel.swift; sourceTree = "<group>"; };
		681E9FDE2C7D941300E4A718 /* DetailWebViewController.swift */ = {isa = PBXFileReference; lastKnownFileType = sourcecode.swift; path = DetailWebViewController.swift; sourceTree = "<group>"; };
		681E9FE92C7ED88F00E4A718 /* PostLike.swift */ = {isa = PBXFileReference; lastKnownFileType = sourcecode.swift; path = PostLike.swift; sourceTree = "<group>"; };
		683477CD2C74F98300D0931B /* HTTPStatusCodes.swift */ = {isa = PBXFileReference; lastKnownFileType = sourcecode.swift; path = HTTPStatusCodes.swift; sourceTree = "<group>"; };
		683477CF2C74FDCD00D0931B /* TokenUpdate.swift */ = {isa = PBXFileReference; lastKnownFileType = sourcecode.swift; path = TokenUpdate.swift; sourceTree = "<group>"; };
		683477D12C75099300D0931B /* MembershipVerification.swift */ = {isa = PBXFileReference; lastKnownFileType = sourcecode.swift; path = MembershipVerification.swift; sourceTree = "<group>"; };
		683477EF2C75B6C800D0931B /* DateFormatter+.swift */ = {isa = PBXFileReference; lastKnownFileType = sourcecode.swift; path = "DateFormatter+.swift"; sourceTree = "<group>"; };
		683477F12C75ED1600D0931B /* ViewPost.swift */ = {isa = PBXFileReference; lastKnownFileType = sourcecode.swift; path = ViewPost.swift; sourceTree = "<group>"; };
		686DBD312C7796500023960B /* SelectPhotoViewModel.swift */ = {isa = PBXFileReference; lastKnownFileType = sourcecode.swift; path = SelectPhotoViewModel.swift; sourceTree = "<group>"; };
		686DBD332C779DBA0023960B /* SelectPhotoCell.swift */ = {isa = PBXFileReference; lastKnownFileType = sourcecode.swift; path = SelectPhotoCell.swift; sourceTree = "<group>"; };
		686DBD362C7999FB0023960B /* writeViewModel.swift */ = {isa = PBXFileReference; lastKnownFileType = sourcecode.swift; path = writeViewModel.swift; sourceTree = "<group>"; };
		686DBD382C79A1B30023960B /* UITextView+.swift */ = {isa = PBXFileReference; lastKnownFileType = sourcecode.swift; path = "UITextView+.swift"; sourceTree = "<group>"; };
		686DBD3A2C79B0A10023960B /* WriteCell.swift */ = {isa = PBXFileReference; lastKnownFileType = sourcecode.swift; path = WriteCell.swift; sourceTree = "<group>"; };
		686DBD3F2C79B6280023960B /* HashTagModel.swift */ = {isa = PBXFileReference; lastKnownFileType = sourcecode.swift; path = HashTagModel.swift; sourceTree = "<group>"; };
		686DBD412C79D0F90023960B /* SearchLocationViewController.swift */ = {isa = PBXFileReference; lastKnownFileType = sourcecode.swift; path = SearchLocationViewController.swift; sourceTree = "<group>"; };
		686DBD432C79D1BC0023960B /* SearchLocationView.swift */ = {isa = PBXFileReference; lastKnownFileType = sourcecode.swift; path = SearchLocationView.swift; sourceTree = "<group>"; };
		686DBD452C79D56C0023960B /* SearchLocationViewModel.swift */ = {isa = PBXFileReference; lastKnownFileType = sourcecode.swift; path = SearchLocationViewModel.swift; sourceTree = "<group>"; };
		686DBD472C79D70E0023960B /* SearchLocation.swift */ = {isa = PBXFileReference; lastKnownFileType = sourcecode.swift; path = SearchLocation.swift; sourceTree = "<group>"; };
		686DBD492C79FAE10023960B /* SearchLocationCell.swift */ = {isa = PBXFileReference; lastKnownFileType = sourcecode.swift; path = SearchLocationCell.swift; sourceTree = "<group>"; };
		686DBD4B2C7B3EF10023960B /* Upload.swift */ = {isa = PBXFileReference; lastKnownFileType = sourcecode.swift; path = Upload.swift; sourceTree = "<group>"; };
		68CED3352C6C8EF40043266A /* DateDayApp.app */ = {isa = PBXFileReference; explicitFileType = wrapper.application; includeInIndex = 0; path = DateDayApp.app; sourceTree = BUILT_PRODUCTS_DIR; };
		68CED3382C6C8EF40043266A /* AppDelegate.swift */ = {isa = PBXFileReference; lastKnownFileType = sourcecode.swift; path = AppDelegate.swift; sourceTree = "<group>"; };
		68CED33A2C6C8EF40043266A /* SceneDelegate.swift */ = {isa = PBXFileReference; lastKnownFileType = sourcecode.swift; path = SceneDelegate.swift; sourceTree = "<group>"; };
		68CED3412C6C8EF50043266A /* Assets.xcassets */ = {isa = PBXFileReference; lastKnownFileType = folder.assetcatalog; path = Assets.xcassets; sourceTree = "<group>"; };
		68CED3442C6C8EF50043266A /* Base */ = {isa = PBXFileReference; lastKnownFileType = file.storyboard; name = Base; path = Base.lproj/LaunchScreen.storyboard; sourceTree = "<group>"; };
		68CED3462C6C8EF50043266A /* Info.plist */ = {isa = PBXFileReference; lastKnownFileType = text.plist.xml; path = Info.plist; sourceTree = "<group>"; };
		68CED34C2C6C8F390043266A /* .gitignore */ = {isa = PBXFileReference; lastKnownFileType = text; path = .gitignore; sourceTree = "<group>"; };
		68CED34E2C6C8F540043266A /* APIKey.swift */ = {isa = PBXFileReference; lastKnownFileType = sourcecode.swift; path = APIKey.swift; sourceTree = "<group>"; };
		68CED3632C6F1FF80043266A /* LoginViewController.swift */ = {isa = PBXFileReference; lastKnownFileType = sourcecode.swift; path = LoginViewController.swift; sourceTree = "<group>"; };
		68CED3652C6F20240043266A /* addSubviews+.swift */ = {isa = PBXFileReference; lastKnownFileType = sourcecode.swift; path = "addSubviews+.swift"; sourceTree = "<group>"; };
		68CED3672C6F20DE0043266A /* LoginView.swift */ = {isa = PBXFileReference; lastKnownFileType = sourcecode.swift; path = LoginView.swift; sourceTree = "<group>"; };
		68CED36A2C6F22160043266A /* ViewRepresentable.swift */ = {isa = PBXFileReference; lastKnownFileType = sourcecode.swift; path = ViewRepresentable.swift; sourceTree = "<group>"; };
		68CED36C2C6F2AA20043266A /* LoginViewModel.swift */ = {isa = PBXFileReference; lastKnownFileType = sourcecode.swift; path = LoginViewModel.swift; sourceTree = "<group>"; };
		68CED36E2C6F2BD70043266A /* BaseViewModel.swift */ = {isa = PBXFileReference; lastKnownFileType = sourcecode.swift; path = BaseViewModel.swift; sourceTree = "<group>"; };
		68CED3712C6F2F8C0043266A /* NetworkManager.swift */ = {isa = PBXFileReference; lastKnownFileType = sourcecode.swift; path = NetworkManager.swift; sourceTree = "<group>"; };
		68CED3742C6F2FEC0043266A /* SignUpViewController.swift */ = {isa = PBXFileReference; lastKnownFileType = sourcecode.swift; path = SignUpViewController.swift; sourceTree = "<group>"; };
		68CED3762C6F300A0043266A /* SignUpView.swift */ = {isa = PBXFileReference; lastKnownFileType = sourcecode.swift; path = SignUpView.swift; sourceTree = "<group>"; };
		68CED3792C6F35320043266A /* Router.swift */ = {isa = PBXFileReference; lastKnownFileType = sourcecode.swift; path = Router.swift; sourceTree = "<group>"; };
		68CED37B2C6F357C0043266A /* TargetType.swift */ = {isa = PBXFileReference; lastKnownFileType = sourcecode.swift; path = TargetType.swift; sourceTree = "<group>"; };
		68CED37D2C6F4BCA0043266A /* Header.swift */ = {isa = PBXFileReference; lastKnownFileType = sourcecode.swift; path = Header.swift; sourceTree = "<group>"; };
		68CED3802C6F4DC30043266A /* APIQuery.swift */ = {isa = PBXFileReference; lastKnownFileType = sourcecode.swift; path = APIQuery.swift; sourceTree = "<group>"; };
		68CED3852C6F50390043266A /* SignUpViewModel.swift */ = {isa = PBXFileReference; lastKnownFileType = sourcecode.swift; path = SignUpViewModel.swift; sourceTree = "<group>"; };
		68CED3892C70AD210043266A /* UIViewController+.swift */ = {isa = PBXFileReference; lastKnownFileType = sourcecode.swift; path = "UIViewController+.swift"; sourceTree = "<group>"; };
		68CED38D2C70B9510043266A /* UserDefaultsManager.swift */ = {isa = PBXFileReference; lastKnownFileType = sourcecode.swift; path = UserDefaultsManager.swift; sourceTree = "<group>"; };
		68CED3932C70BC4C0043266A /* FeedViewController.swift */ = {isa = PBXFileReference; lastKnownFileType = sourcecode.swift; path = FeedViewController.swift; sourceTree = "<group>"; };
		68CED3952C70D7C60043266A /* UILabel+.swift */ = {isa = PBXFileReference; lastKnownFileType = sourcecode.swift; path = "UILabel+.swift"; sourceTree = "<group>"; };
		68CED3972C71D8D70043266A /* FeedView.swift */ = {isa = PBXFileReference; lastKnownFileType = sourcecode.swift; path = FeedView.swift; sourceTree = "<group>"; };
		68CED3992C71D9A60043266A /* FeedViewModel.swift */ = {isa = PBXFileReference; lastKnownFileType = sourcecode.swift; path = FeedViewModel.swift; sourceTree = "<group>"; };
		68CED39B2C71DBDD0043266A /* UIStackView+.swift */ = {isa = PBXFileReference; lastKnownFileType = sourcecode.swift; path = "UIStackView+.swift"; sourceTree = "<group>"; };
		68CED39F2C71DDED0043266A /* UIView+.swift */ = {isa = PBXFileReference; lastKnownFileType = sourcecode.swift; path = "UIView+.swift"; sourceTree = "<group>"; };
		68CED3A12C71DE950043266A /* UIButton+.swift */ = {isa = PBXFileReference; lastKnownFileType = sourcecode.swift; path = "UIButton+.swift"; sourceTree = "<group>"; };
		68CED3A42C71E1D60043266A /* BaseView.swift */ = {isa = PBXFileReference; lastKnownFileType = sourcecode.swift; path = BaseView.swift; sourceTree = "<group>"; };
		68CED3A62C71E4C40043266A /* UITextField+.swift */ = {isa = PBXFileReference; lastKnownFileType = sourcecode.swift; path = "UITextField+.swift"; sourceTree = "<group>"; };
		68CED3A82C71E5A10043266A /* UIImageView+.swift */ = {isa = PBXFileReference; lastKnownFileType = sourcecode.swift; path = "UIImageView+.swift"; sourceTree = "<group>"; };
		68CED3AA2C71E64C0043266A /* UIScrollView+.swift */ = {isa = PBXFileReference; lastKnownFileType = sourcecode.swift; path = "UIScrollView+.swift"; sourceTree = "<group>"; };
		68CED3AC2C720AFA0043266A /* FeedCell.swift */ = {isa = PBXFileReference; lastKnownFileType = sourcecode.swift; path = FeedCell.swift; sourceTree = "<group>"; };
		68CED3AE2C720B5B0043266A /* ReusableProtocol.swift */ = {isa = PBXFileReference; lastKnownFileType = sourcecode.swift; path = ReusableProtocol.swift; sourceTree = "<group>"; };
		68CED3B12C720DC70043266A /* DateDayTabBarController.swift */ = {isa = PBXFileReference; lastKnownFileType = sourcecode.swift; path = DateDayTabBarController.swift; sourceTree = "<group>"; };
		68CED3B52C720EE00043266A /* PickedListViewController.swift */ = {isa = PBXFileReference; lastKnownFileType = sourcecode.swift; path = PickedListViewController.swift; sourceTree = "<group>"; };
		68CED3B72C720F000043266A /* MyPageViewController.swift */ = {isa = PBXFileReference; lastKnownFileType = sourcecode.swift; path = MyPageViewController.swift; sourceTree = "<group>"; };
		68CED3C22C73184B0043266A /* SearchViewController.swift */ = {isa = PBXFileReference; lastKnownFileType = sourcecode.swift; path = SearchViewController.swift; sourceTree = "<group>"; };
		68CED3C42C73186B0043266A /* SearchView.swift */ = {isa = PBXFileReference; lastKnownFileType = sourcecode.swift; path = SearchView.swift; sourceTree = "<group>"; };
		68CED3C62C73298E0043266A /* UISearchBar+.swift */ = {isa = PBXFileReference; lastKnownFileType = sourcecode.swift; path = "UISearchBar+.swift"; sourceTree = "<group>"; };
		68CED3C92C732DF40043266A /* WriteViewController.swift */ = {isa = PBXFileReference; lastKnownFileType = sourcecode.swift; path = WriteViewController.swift; sourceTree = "<group>"; };
		68CED3CB2C732E180043266A /* WriteView.swift */ = {isa = PBXFileReference; lastKnownFileType = sourcecode.swift; path = WriteView.swift; sourceTree = "<group>"; };
		68CED3D42C7340B50043266A /* SelectPhotoViewController.swift */ = {isa = PBXFileReference; lastKnownFileType = sourcecode.swift; path = SelectPhotoViewController.swift; sourceTree = "<group>"; };
		68CED3D62C7340CF0043266A /* SelectPhotoView.swift */ = {isa = PBXFileReference; lastKnownFileType = sourcecode.swift; path = SelectPhotoView.swift; sourceTree = "<group>"; };
/* End PBXFileReference section */

/* Begin PBXFrameworksBuildPhase section */
		68CED3322C6C8EF40043266A /* Frameworks */ = {
			isa = PBXFrameworksBuildPhase;
			buildActionMask = 2147483647;
			files = (
				68CED3CF2C7338710043266A /* Cosmos in Frameworks */,
				68CED3582C6C915C0043266A /* SnapKit in Frameworks */,
				68CED3552C6C91500043266A /* Kingfisher in Frameworks */,
				68CED35D2C6C916C0043266A /* RxSwift in Frameworks */,
				68CED35B2C6C916C0043266A /* RxCocoa in Frameworks */,
				68CED3522C6C91470043266A /* Alamofire in Frameworks */,
			);
			runOnlyForDeploymentPostprocessing = 0;
		};
/* End PBXFrameworksBuildPhase section */

/* Begin PBXGroup section */
		681E9FC62C7C7C8E00E4A718 /* Detail */ = {
			isa = PBXGroup;
			children = (
				681E9FC72C7C7CB000E4A718 /* DetailViewController.swift */,
				681E9FC92C7C7CCB00E4A718 /* DetailView.swift */,
				681E9FCB2C7CD54A00E4A718 /* DetailCell.swift */,
				681E9FCD2C7CD61700E4A718 /* DetailViewModel.swift */,
			);
			path = Detail;
			sourceTree = "<group>";
		};
		681E9FDB2C7D93EB00E4A718 /* DetailWebView */ = {
			isa = PBXGroup;
			children = (
				681E9FDE2C7D941300E4A718 /* DetailWebViewController.swift */,
			);
			path = DetailWebView;
			sourceTree = "<group>";
		};
		686DBD352C7994A60023960B /* SearchLocation */ = {
			isa = PBXGroup;
			children = (
				686DBD412C79D0F90023960B /* SearchLocationViewController.swift */,
				686DBD432C79D1BC0023960B /* SearchLocationView.swift */,
				686DBD452C79D56C0023960B /* SearchLocationViewModel.swift */,
				686DBD492C79FAE10023960B /* SearchLocationCell.swift */,
			);
			path = SearchLocation;
			sourceTree = "<group>";
		};
		68CED32C2C6C8EF40043266A = {
			isa = PBXGroup;
			children = (
				68CED34C2C6C8F390043266A /* .gitignore */,
				68CED3372C6C8EF40043266A /* DateDayApp */,
				68CED3362C6C8EF40043266A /* Products */,
			);
			sourceTree = "<group>";
		};
		68CED3362C6C8EF40043266A /* Products */ = {
			isa = PBXGroup;
			children = (
				68CED3352C6C8EF40043266A /* DateDayApp.app */,
			);
			name = Products;
			sourceTree = "<group>";
		};
		68CED3372C6C8EF40043266A /* DateDayApp */ = {
			isa = PBXGroup;
			children = (
				68CED3382C6C8EF40043266A /* AppDelegate.swift */,
				68CED33A2C6C8EF40043266A /* SceneDelegate.swift */,
				68CED35E2C6E14590043266A /* Resources */,
				68CED35F2C6E14730043266A /* Sources */,
				68CED3462C6C8EF50043266A /* Info.plist */,
				68CED34E2C6C8F540043266A /* APIKey.swift */,
			);
			path = DateDayApp;
			sourceTree = "<group>";
		};
		68CED35E2C6E14590043266A /* Resources */ = {
			isa = PBXGroup;
			children = (
				68CED3412C6C8EF50043266A /* Assets.xcassets */,
				68CED3432C6C8EF50043266A /* LaunchScreen.storyboard */,
			);
			path = Resources;
			sourceTree = "<group>";
		};
		68CED35F2C6E14730043266A /* Sources */ = {
			isa = PBXGroup;
			children = (
				68CED38F2C70B9570043266A /* DataStorage */,
				68CED3702C6F2F800043266A /* Network */,
				68CED3692C6F21EC0043266A /* Protocol */,
				68CED3602C6E14840043266A /* Extension */,
				68CED3612C6E148B0043266A /* Presentation */,
			);
			path = Sources;
			sourceTree = "<group>";
		};
		68CED3602C6E14840043266A /* Extension */ = {
			isa = PBXGroup;
			children = (
				68CED3652C6F20240043266A /* addSubviews+.swift */,
				68CED3892C70AD210043266A /* UIViewController+.swift */,
				68CED3952C70D7C60043266A /* UILabel+.swift */,
				68CED39B2C71DBDD0043266A /* UIStackView+.swift */,
				68CED39F2C71DDED0043266A /* UIView+.swift */,
				68CED3A12C71DE950043266A /* UIButton+.swift */,
				68CED3A62C71E4C40043266A /* UITextField+.swift */,
				68CED3A82C71E5A10043266A /* UIImageView+.swift */,
				68CED3AA2C71E64C0043266A /* UIScrollView+.swift */,
				68CED3C62C73298E0043266A /* UISearchBar+.swift */,
				683477EF2C75B6C800D0931B /* DateFormatter+.swift */,
				686DBD382C79A1B30023960B /* UITextView+.swift */,
			);
			path = Extension;
			sourceTree = "<group>";
		};
		68CED3612C6E148B0043266A /* Presentation */ = {
			isa = PBXGroup;
			children = (
				68CED3A32C71E1C40043266A /* Base */,
				68CED3622C6F1FE50043266A /* Login */,
				68CED3732C6F2FD60043266A /* SignUp */,
				68CED3922C70BC3A0043266A /* Feed */,
				681E9FC62C7C7C8E00E4A718 /* Detail */,
				681E9FDB2C7D93EB00E4A718 /* DetailWebView */,
				68CED3C12C73183B0043266A /* Search */,
				68CED3C82C732DD80043266A /* WriteReview */,
				68CED3B32C720EB50043266A /* PickedList */,
				68CED3B42C720ECC0043266A /* MyPage */,
				68CED3B02C720D8A0043266A /* TabBar */,
			);
			path = Presentation;
			sourceTree = "<group>";
		};
		68CED3622C6F1FE50043266A /* Login */ = {
			isa = PBXGroup;
			children = (
				68CED3632C6F1FF80043266A /* LoginViewController.swift */,
				68CED3672C6F20DE0043266A /* LoginView.swift */,
				68CED36C2C6F2AA20043266A /* LoginViewModel.swift */,
			);
			path = Login;
			sourceTree = "<group>";
		};
		68CED3692C6F21EC0043266A /* Protocol */ = {
			isa = PBXGroup;
			children = (
				68CED36A2C6F22160043266A /* ViewRepresentable.swift */,
				68CED36E2C6F2BD70043266A /* BaseViewModel.swift */,
				68CED3AE2C720B5B0043266A /* ReusableProtocol.swift */,
			);
			path = Protocol;
			sourceTree = "<group>";
		};
		68CED3702C6F2F800043266A /* Network */ = {
			isa = PBXGroup;
			children = (
				68CED3822C6F4F380043266A /* Model */,
				68CED37F2C6F4DB20043266A /* RequestQuery */,
				68CED3712C6F2F8C0043266A /* NetworkManager.swift */,
				68CED3792C6F35320043266A /* Router.swift */,
				68CED37B2C6F357C0043266A /* TargetType.swift */,
				68CED37D2C6F4BCA0043266A /* Header.swift */,
				683477CD2C74F98300D0931B /* HTTPStatusCodes.swift */,
			);
			path = Network;
			sourceTree = "<group>";
		};
		68CED3732C6F2FD60043266A /* SignUp */ = {
			isa = PBXGroup;
			children = (
				68CED3742C6F2FEC0043266A /* SignUpViewController.swift */,
				68CED3762C6F300A0043266A /* SignUpView.swift */,
				68CED3852C6F50390043266A /* SignUpViewModel.swift */,
			);
			path = SignUp;
			sourceTree = "<group>";
		};
		68CED37F2C6F4DB20043266A /* RequestQuery */ = {
			isa = PBXGroup;
			children = (
				68CED3802C6F4DC30043266A /* APIQuery.swift */,
			);
			path = RequestQuery;
			sourceTree = "<group>";
		};
		68CED3822C6F4F380043266A /* Model */ = {
			isa = PBXGroup;
			children = (
				683477D12C75099300D0931B /* MembershipVerification.swift */,
				683477F12C75ED1600D0931B /* ViewPost.swift */,
				683477CF2C74FDCD00D0931B /* TokenUpdate.swift */,
				686DBD472C79D70E0023960B /* SearchLocation.swift */,
				686DBD3F2C79B6280023960B /* HashTagModel.swift */,
				686DBD4B2C7B3EF10023960B /* Upload.swift */,
				681E9FE92C7ED88F00E4A718 /* PostLike.swift */,
			);
			path = Model;
			sourceTree = "<group>";
		};
		68CED38F2C70B9570043266A /* DataStorage */ = {
			isa = PBXGroup;
			children = (
				68CED38D2C70B9510043266A /* UserDefaultsManager.swift */,
			);
			path = DataStorage;
			sourceTree = "<group>";
		};
		68CED3922C70BC3A0043266A /* Feed */ = {
			isa = PBXGroup;
			children = (
				68CED3932C70BC4C0043266A /* FeedViewController.swift */,
				68CED3AC2C720AFA0043266A /* FeedCell.swift */,
				68CED3972C71D8D70043266A /* FeedView.swift */,
				68CED3992C71D9A60043266A /* FeedViewModel.swift */,
			);
			path = Feed;
			sourceTree = "<group>";
		};
		68CED3A32C71E1C40043266A /* Base */ = {
			isa = PBXGroup;
			children = (
				68CED3A42C71E1D60043266A /* BaseView.swift */,
			);
			path = Base;
			sourceTree = "<group>";
		};
		68CED3B02C720D8A0043266A /* TabBar */ = {
			isa = PBXGroup;
			children = (
				68CED3B12C720DC70043266A /* DateDayTabBarController.swift */,
			);
			path = TabBar;
			sourceTree = "<group>";
		};
		68CED3B32C720EB50043266A /* PickedList */ = {
			isa = PBXGroup;
			children = (
				68CED3B52C720EE00043266A /* PickedListViewController.swift */,
				681E9FBF2C7C63D500E4A718 /* PickedListView.swift */,
				681E9FC22C7C67D000E4A718 /* PickedListViewModel.swift */,
				681E9FC42C7C6AA800E4A718 /* PickedListCell.swift */,
			);
			path = PickedList;
			sourceTree = "<group>";
		};
		68CED3B42C720ECC0043266A /* MyPage */ = {
			isa = PBXGroup;
			children = (
				68CED3B72C720F000043266A /* MyPageViewController.swift */,
			);
			path = MyPage;
			sourceTree = "<group>";
		};
		68CED3C12C73183B0043266A /* Search */ = {
			isa = PBXGroup;
			children = (
				68CED3C22C73184B0043266A /* SearchViewController.swift */,
				68CED3C42C73186B0043266A /* SearchView.swift */,
			);
			path = Search;
			sourceTree = "<group>";
		};
		68CED3C82C732DD80043266A /* WriteReview */ = {
			isa = PBXGroup;
			children = (
				68CED3D22C73406B0043266A /* SelectPhoto */,
				68CED3D32C7340850043266A /* Write */,
				686DBD352C7994A60023960B /* SearchLocation */,
			);
			path = WriteReview;
			sourceTree = "<group>";
		};
		68CED3D22C73406B0043266A /* SelectPhoto */ = {
			isa = PBXGroup;
			children = (
				68CED3D42C7340B50043266A /* SelectPhotoViewController.swift */,
				68CED3D62C7340CF0043266A /* SelectPhotoView.swift */,
				686DBD312C7796500023960B /* SelectPhotoViewModel.swift */,
				686DBD332C779DBA0023960B /* SelectPhotoCell.swift */,
			);
			path = SelectPhoto;
			sourceTree = "<group>";
		};
		68CED3D32C7340850043266A /* Write */ = {
			isa = PBXGroup;
			children = (
				68CED3C92C732DF40043266A /* WriteViewController.swift */,
				68CED3CB2C732E180043266A /* WriteView.swift */,
				686DBD362C7999FB0023960B /* writeViewModel.swift */,
				686DBD3A2C79B0A10023960B /* WriteCell.swift */,
			);
			path = Write;
			sourceTree = "<group>";
		};
/* End PBXGroup section */

/* Begin PBXNativeTarget section */
		68CED3342C6C8EF40043266A /* DateDayApp */ = {
			isa = PBXNativeTarget;
			buildConfigurationList = 68CED3492C6C8EF50043266A /* Build configuration list for PBXNativeTarget "DateDayApp" */;
			buildPhases = (
				68CED3312C6C8EF40043266A /* Sources */,
				68CED3322C6C8EF40043266A /* Frameworks */,
				68CED3332C6C8EF40043266A /* Resources */,
			);
			buildRules = (
			);
			dependencies = (
			);
			name = DateDayApp;
			packageProductDependencies = (
				68CED3512C6C91470043266A /* Alamofire */,
				68CED3542C6C91500043266A /* Kingfisher */,
				68CED3572C6C915C0043266A /* SnapKit */,
				68CED35A2C6C916C0043266A /* RxCocoa */,
				68CED35C2C6C916C0043266A /* RxSwift */,
				68CED3CE2C7338710043266A /* Cosmos */,
			);
			productName = DateDayApp;
			productReference = 68CED3352C6C8EF40043266A /* DateDayApp.app */;
			productType = "com.apple.product-type.application";
		};
/* End PBXNativeTarget section */

/* Begin PBXProject section */
		68CED32D2C6C8EF40043266A /* Project object */ = {
			isa = PBXProject;
			attributes = {
				BuildIndependentTargetsInParallel = 1;
				LastSwiftUpdateCheck = 1540;
				LastUpgradeCheck = 1540;
				TargetAttributes = {
					68CED3342C6C8EF40043266A = {
						CreatedOnToolsVersion = 15.4;
					};
				};
			};
			buildConfigurationList = 68CED3302C6C8EF40043266A /* Build configuration list for PBXProject "DateDayApp" */;
			compatibilityVersion = "Xcode 14.0";
			developmentRegion = en;
			hasScannedForEncodings = 0;
			knownRegions = (
				en,
				Base,
			);
			mainGroup = 68CED32C2C6C8EF40043266A;
			packageReferences = (
				68CED3502C6C91470043266A /* XCRemoteSwiftPackageReference "Alamofire" */,
				68CED3532C6C91500043266A /* XCRemoteSwiftPackageReference "Kingfisher" */,
				68CED3562C6C915C0043266A /* XCRemoteSwiftPackageReference "SnapKit" */,
				68CED3592C6C916C0043266A /* XCRemoteSwiftPackageReference "RxSwift" */,
				68CED3CD2C7338710043266A /* XCRemoteSwiftPackageReference "Cosmos" */,
			);
			productRefGroup = 68CED3362C6C8EF40043266A /* Products */;
			projectDirPath = "";
			projectRoot = "";
			targets = (
				68CED3342C6C8EF40043266A /* DateDayApp */,
			);
		};
/* End PBXProject section */

/* Begin PBXResourcesBuildPhase section */
		68CED3332C6C8EF40043266A /* Resources */ = {
			isa = PBXResourcesBuildPhase;
			buildActionMask = 2147483647;
			files = (
				68CED3422C6C8EF50043266A /* Assets.xcassets in Resources */,
				68CED34D2C6C8F390043266A /* .gitignore in Resources */,
				68CED3452C6C8EF50043266A /* Base in Resources */,
			);
			runOnlyForDeploymentPostprocessing = 0;
		};
/* End PBXResourcesBuildPhase section */

/* Begin PBXSourcesBuildPhase section */
		68CED3312C6C8EF40043266A /* Sources */ = {
			isa = PBXSourcesBuildPhase;
			buildActionMask = 2147483647;
			files = (
				68CED37E2C6F4BCA0043266A /* Header.swift in Sources */,
				68CED37C2C6F357C0043266A /* TargetType.swift in Sources */,
				68CED3CA2C732DF40043266A /* WriteViewController.swift in Sources */,
				683477F22C75ED1600D0931B /* ViewPost.swift in Sources */,
				68CED36F2C6F2BD70043266A /* BaseViewModel.swift in Sources */,
				68CED3B82C720F010043266A /* MyPageViewController.swift in Sources */,
				681E9FC82C7C7CB000E4A718 /* DetailViewController.swift in Sources */,
				68CED39C2C71DBDD0043266A /* UIStackView+.swift in Sources */,
				68CED3B62C720EE00043266A /* PickedListViewController.swift in Sources */,
				686DBD372C7999FB0023960B /* writeViewModel.swift in Sources */,
				68CED3C52C73186B0043266A /* SearchView.swift in Sources */,
				68CED3C32C73184B0043266A /* SearchViewController.swift in Sources */,
				68CED38E2C70B9510043266A /* UserDefaultsManager.swift in Sources */,
				683477F02C75B6C800D0931B /* DateFormatter+.swift in Sources */,
				68CED3862C6F50390043266A /* SignUpViewModel.swift in Sources */,
				686DBD4A2C79FAE10023960B /* SearchLocationCell.swift in Sources */,
				68CED36B2C6F22160043266A /* ViewRepresentable.swift in Sources */,
				68CED3CC2C732E180043266A /* WriteView.swift in Sources */,
				68CED3982C71D8D70043266A /* FeedView.swift in Sources */,
				68CED3A92C71E5A10043266A /* UIImageView+.swift in Sources */,
				68CED3682C6F20DE0043266A /* LoginView.swift in Sources */,
				68CED3722C6F2F8C0043266A /* NetworkManager.swift in Sources */,
				68CED3C72C73298F0043266A /* UISearchBar+.swift in Sources */,
				68CED3392C6C8EF40043266A /* AppDelegate.swift in Sources */,
				68CED3B22C720DC70043266A /* DateDayTabBarController.swift in Sources */,
				68CED3D72C7340CF0043266A /* SelectPhotoView.swift in Sources */,
				68CED3752C6F2FEC0043266A /* SignUpViewController.swift in Sources */,
				686DBD3B2C79B0A10023960B /* WriteCell.swift in Sources */,
				68CED34F2C6C8F540043266A /* APIKey.swift in Sources */,
				68CED3772C6F300A0043266A /* SignUpView.swift in Sources */,
				68CED39A2C71D9A60043266A /* FeedViewModel.swift in Sources */,
				681E9FDF2C7D941300E4A718 /* DetailWebViewController.swift in Sources */,
				68CED3A22C71DE950043266A /* UIButton+.swift in Sources */,
				681E9FCA2C7C7CCB00E4A718 /* DetailView.swift in Sources */,
				68CED3AD2C720AFA0043266A /* FeedCell.swift in Sources */,
				686DBD482C79D70E0023960B /* SearchLocation.swift in Sources */,
				683477D02C74FDCD00D0931B /* TokenUpdate.swift in Sources */,
				681E9FC02C7C63D500E4A718 /* PickedListView.swift in Sources */,
				68CED3D52C7340B50043266A /* SelectPhotoViewController.swift in Sources */,
				686DBD4C2C7B3EF10023960B /* Upload.swift in Sources */,
				68CED3A52C71E1D60043266A /* BaseView.swift in Sources */,
				681E9FC52C7C6AA800E4A718 /* PickedListCell.swift in Sources */,
				683477CE2C74F98300D0931B /* HTTPStatusCodes.swift in Sources */,
				68CED38A2C70AD210043266A /* UIViewController+.swift in Sources */,
				681E9FEA2C7ED88F00E4A718 /* PostLike.swift in Sources */,
				68CED3962C70D7C60043266A /* UILabel+.swift in Sources */,
				68CED3642C6F1FF80043266A /* LoginViewController.swift in Sources */,
				68CED3AF2C720B5B0043266A /* ReusableProtocol.swift in Sources */,
				68CED37A2C6F35320043266A /* Router.swift in Sources */,
				68CED3A02C71DDED0043266A /* UIView+.swift in Sources */,
				686DBD422C79D0F90023960B /* SearchLocationViewController.swift in Sources */,
				68CED3AB2C71E64C0043266A /* UIScrollView+.swift in Sources */,
				686DBD402C79B6280023960B /* HashTagModel.swift in Sources */,
				686DBD442C79D1BC0023960B /* SearchLocationView.swift in Sources */,
				68CED3662C6F20240043266A /* addSubviews+.swift in Sources */,
				68CED33B2C6C8EF40043266A /* SceneDelegate.swift in Sources */,
				68CED3812C6F4DC30043266A /* APIQuery.swift in Sources */,
				681E9FCC2C7CD54A00E4A718 /* DetailCell.swift in Sources */,
				686DBD392C79A1B30023960B /* UITextView+.swift in Sources */,
				686DBD322C7796500023960B /* SelectPhotoViewModel.swift in Sources */,
				686DBD462C79D56C0023960B /* SearchLocationViewModel.swift in Sources */,
				681E9FC32C7C67D000E4A718 /* PickedListViewModel.swift in Sources */,
				686DBD342C779DBA0023960B /* SelectPhotoCell.swift in Sources */,
				683477D22C75099300D0931B /* MembershipVerification.swift in Sources */,
				681E9FCE2C7CD61700E4A718 /* DetailViewModel.swift in Sources */,
				68CED3942C70BC4C0043266A /* FeedViewController.swift in Sources */,
				68CED36D2C6F2AA20043266A /* LoginViewModel.swift in Sources */,
				68CED3A72C71E4C40043266A /* UITextField+.swift in Sources */,
			);
			runOnlyForDeploymentPostprocessing = 0;
		};
/* End PBXSourcesBuildPhase section */

/* Begin PBXVariantGroup section */
		68CED3432C6C8EF50043266A /* LaunchScreen.storyboard */ = {
			isa = PBXVariantGroup;
			children = (
				68CED3442C6C8EF50043266A /* Base */,
			);
			name = LaunchScreen.storyboard;
			sourceTree = "<group>";
		};
/* End PBXVariantGroup section */

/* Begin XCBuildConfiguration section */
		68CED3472C6C8EF50043266A /* Debug */ = {
			isa = XCBuildConfiguration;
			buildSettings = {
				ALWAYS_SEARCH_USER_PATHS = NO;
				ASSETCATALOG_COMPILER_GENERATE_SWIFT_ASSET_SYMBOL_EXTENSIONS = YES;
				CLANG_ANALYZER_NONNULL = YES;
				CLANG_ANALYZER_NUMBER_OBJECT_CONVERSION = YES_AGGRESSIVE;
				CLANG_CXX_LANGUAGE_STANDARD = "gnu++20";
				CLANG_ENABLE_MODULES = YES;
				CLANG_ENABLE_OBJC_ARC = YES;
				CLANG_ENABLE_OBJC_WEAK = YES;
				CLANG_WARN_BLOCK_CAPTURE_AUTORELEASING = YES;
				CLANG_WARN_BOOL_CONVERSION = YES;
				CLANG_WARN_COMMA = YES;
				CLANG_WARN_CONSTANT_CONVERSION = YES;
				CLANG_WARN_DEPRECATED_OBJC_IMPLEMENTATIONS = YES;
				CLANG_WARN_DIRECT_OBJC_ISA_USAGE = YES_ERROR;
				CLANG_WARN_DOCUMENTATION_COMMENTS = YES;
				CLANG_WARN_EMPTY_BODY = YES;
				CLANG_WARN_ENUM_CONVERSION = YES;
				CLANG_WARN_INFINITE_RECURSION = YES;
				CLANG_WARN_INT_CONVERSION = YES;
				CLANG_WARN_NON_LITERAL_NULL_CONVERSION = YES;
				CLANG_WARN_OBJC_IMPLICIT_RETAIN_SELF = YES;
				CLANG_WARN_OBJC_LITERAL_CONVERSION = YES;
				CLANG_WARN_OBJC_ROOT_CLASS = YES_ERROR;
				CLANG_WARN_QUOTED_INCLUDE_IN_FRAMEWORK_HEADER = YES;
				CLANG_WARN_RANGE_LOOP_ANALYSIS = YES;
				CLANG_WARN_STRICT_PROTOTYPES = YES;
				CLANG_WARN_SUSPICIOUS_MOVE = YES;
				CLANG_WARN_UNGUARDED_AVAILABILITY = YES_AGGRESSIVE;
				CLANG_WARN_UNREACHABLE_CODE = YES;
				CLANG_WARN__DUPLICATE_METHOD_MATCH = YES;
				COPY_PHASE_STRIP = NO;
				DEBUG_INFORMATION_FORMAT = dwarf;
				ENABLE_STRICT_OBJC_MSGSEND = YES;
				ENABLE_TESTABILITY = YES;
				ENABLE_USER_SCRIPT_SANDBOXING = YES;
				GCC_C_LANGUAGE_STANDARD = gnu17;
				GCC_DYNAMIC_NO_PIC = NO;
				GCC_NO_COMMON_BLOCKS = YES;
				GCC_OPTIMIZATION_LEVEL = 0;
				GCC_PREPROCESSOR_DEFINITIONS = (
					"DEBUG=1",
					"$(inherited)",
				);
				GCC_WARN_64_TO_32_BIT_CONVERSION = YES;
				GCC_WARN_ABOUT_RETURN_TYPE = YES_ERROR;
				GCC_WARN_UNDECLARED_SELECTOR = YES;
				GCC_WARN_UNINITIALIZED_AUTOS = YES_AGGRESSIVE;
				GCC_WARN_UNUSED_FUNCTION = YES;
				GCC_WARN_UNUSED_VARIABLE = YES;
				IPHONEOS_DEPLOYMENT_TARGET = 17.5;
				LOCALIZATION_PREFERS_STRING_CATALOGS = YES;
				MTL_ENABLE_DEBUG_INFO = INCLUDE_SOURCE;
				MTL_FAST_MATH = YES;
				ONLY_ACTIVE_ARCH = YES;
				SDKROOT = iphoneos;
				SWIFT_ACTIVE_COMPILATION_CONDITIONS = "DEBUG $(inherited)";
				SWIFT_OPTIMIZATION_LEVEL = "-Onone";
			};
			name = Debug;
		};
		68CED3482C6C8EF50043266A /* Release */ = {
			isa = XCBuildConfiguration;
			buildSettings = {
				ALWAYS_SEARCH_USER_PATHS = NO;
				ASSETCATALOG_COMPILER_GENERATE_SWIFT_ASSET_SYMBOL_EXTENSIONS = YES;
				CLANG_ANALYZER_NONNULL = YES;
				CLANG_ANALYZER_NUMBER_OBJECT_CONVERSION = YES_AGGRESSIVE;
				CLANG_CXX_LANGUAGE_STANDARD = "gnu++20";
				CLANG_ENABLE_MODULES = YES;
				CLANG_ENABLE_OBJC_ARC = YES;
				CLANG_ENABLE_OBJC_WEAK = YES;
				CLANG_WARN_BLOCK_CAPTURE_AUTORELEASING = YES;
				CLANG_WARN_BOOL_CONVERSION = YES;
				CLANG_WARN_COMMA = YES;
				CLANG_WARN_CONSTANT_CONVERSION = YES;
				CLANG_WARN_DEPRECATED_OBJC_IMPLEMENTATIONS = YES;
				CLANG_WARN_DIRECT_OBJC_ISA_USAGE = YES_ERROR;
				CLANG_WARN_DOCUMENTATION_COMMENTS = YES;
				CLANG_WARN_EMPTY_BODY = YES;
				CLANG_WARN_ENUM_CONVERSION = YES;
				CLANG_WARN_INFINITE_RECURSION = YES;
				CLANG_WARN_INT_CONVERSION = YES;
				CLANG_WARN_NON_LITERAL_NULL_CONVERSION = YES;
				CLANG_WARN_OBJC_IMPLICIT_RETAIN_SELF = YES;
				CLANG_WARN_OBJC_LITERAL_CONVERSION = YES;
				CLANG_WARN_OBJC_ROOT_CLASS = YES_ERROR;
				CLANG_WARN_QUOTED_INCLUDE_IN_FRAMEWORK_HEADER = YES;
				CLANG_WARN_RANGE_LOOP_ANALYSIS = YES;
				CLANG_WARN_STRICT_PROTOTYPES = YES;
				CLANG_WARN_SUSPICIOUS_MOVE = YES;
				CLANG_WARN_UNGUARDED_AVAILABILITY = YES_AGGRESSIVE;
				CLANG_WARN_UNREACHABLE_CODE = YES;
				CLANG_WARN__DUPLICATE_METHOD_MATCH = YES;
				COPY_PHASE_STRIP = NO;
				DEBUG_INFORMATION_FORMAT = "dwarf-with-dsym";
				ENABLE_NS_ASSERTIONS = NO;
				ENABLE_STRICT_OBJC_MSGSEND = YES;
				ENABLE_USER_SCRIPT_SANDBOXING = YES;
				GCC_C_LANGUAGE_STANDARD = gnu17;
				GCC_NO_COMMON_BLOCKS = YES;
				GCC_WARN_64_TO_32_BIT_CONVERSION = YES;
				GCC_WARN_ABOUT_RETURN_TYPE = YES_ERROR;
				GCC_WARN_UNDECLARED_SELECTOR = YES;
				GCC_WARN_UNINITIALIZED_AUTOS = YES_AGGRESSIVE;
				GCC_WARN_UNUSED_FUNCTION = YES;
				GCC_WARN_UNUSED_VARIABLE = YES;
				IPHONEOS_DEPLOYMENT_TARGET = 17.5;
				LOCALIZATION_PREFERS_STRING_CATALOGS = YES;
				MTL_ENABLE_DEBUG_INFO = NO;
				MTL_FAST_MATH = YES;
				SDKROOT = iphoneos;
				SWIFT_COMPILATION_MODE = wholemodule;
				VALIDATE_PRODUCT = YES;
			};
			name = Release;
		};
		68CED34A2C6C8EF50043266A /* Debug */ = {
			isa = XCBuildConfiguration;
			buildSettings = {
				ASSETCATALOG_COMPILER_APPICON_NAME = AppIcon;
				ASSETCATALOG_COMPILER_GLOBAL_ACCENT_COLOR_NAME = AccentColor;
				CODE_SIGN_STYLE = Automatic;
				CURRENT_PROJECT_VERSION = 1;
				GENERATE_INFOPLIST_FILE = YES;
				INFOPLIST_FILE = DateDayApp/Info.plist;
				INFOPLIST_KEY_UIApplicationSupportsIndirectInputEvents = YES;
				INFOPLIST_KEY_UILaunchStoryboardName = LaunchScreen;
				INFOPLIST_KEY_UISupportedInterfaceOrientations = UIInterfaceOrientationPortrait;
				INFOPLIST_KEY_UISupportedInterfaceOrientations_iPad = UIInterfaceOrientationPortrait;
				IPHONEOS_DEPLOYMENT_TARGET = 16.0;
				LD_RUNPATH_SEARCH_PATHS = (
					"$(inherited)",
					"@executable_path/Frameworks",
				);
				MARKETING_VERSION = 1.0;
				PRODUCT_BUNDLE_IDENTIFIER = YJ.DateDayApp;
				PRODUCT_NAME = "$(TARGET_NAME)";
				SUPPORTED_PLATFORMS = "iphoneos iphonesimulator";
				SUPPORTS_MACCATALYST = NO;
				SUPPORTS_MAC_DESIGNED_FOR_IPHONE_IPAD = NO;
				SUPPORTS_XR_DESIGNED_FOR_IPHONE_IPAD = NO;
				SWIFT_EMIT_LOC_STRINGS = YES;
				SWIFT_VERSION = 5.0;
				TARGETED_DEVICE_FAMILY = 1;
			};
			name = Debug;
		};
		68CED34B2C6C8EF50043266A /* Release */ = {
			isa = XCBuildConfiguration;
			buildSettings = {
				ASSETCATALOG_COMPILER_APPICON_NAME = AppIcon;
				ASSETCATALOG_COMPILER_GLOBAL_ACCENT_COLOR_NAME = AccentColor;
				CODE_SIGN_STYLE = Automatic;
				CURRENT_PROJECT_VERSION = 1;
				GENERATE_INFOPLIST_FILE = YES;
				INFOPLIST_FILE = DateDayApp/Info.plist;
				INFOPLIST_KEY_UIApplicationSupportsIndirectInputEvents = YES;
				INFOPLIST_KEY_UILaunchStoryboardName = LaunchScreen;
				INFOPLIST_KEY_UISupportedInterfaceOrientations = UIInterfaceOrientationPortrait;
				INFOPLIST_KEY_UISupportedInterfaceOrientations_iPad = UIInterfaceOrientationPortrait;
				IPHONEOS_DEPLOYMENT_TARGET = 16.0;
				LD_RUNPATH_SEARCH_PATHS = (
					"$(inherited)",
					"@executable_path/Frameworks",
				);
				MARKETING_VERSION = 1.0;
				PRODUCT_BUNDLE_IDENTIFIER = YJ.DateDayApp;
				PRODUCT_NAME = "$(TARGET_NAME)";
				SUPPORTED_PLATFORMS = "iphoneos iphonesimulator";
				SUPPORTS_MACCATALYST = NO;
				SUPPORTS_MAC_DESIGNED_FOR_IPHONE_IPAD = NO;
				SUPPORTS_XR_DESIGNED_FOR_IPHONE_IPAD = NO;
				SWIFT_EMIT_LOC_STRINGS = YES;
				SWIFT_VERSION = 5.0;
				TARGETED_DEVICE_FAMILY = 1;
			};
			name = Release;
		};
/* End XCBuildConfiguration section */

/* Begin XCConfigurationList section */
		68CED3302C6C8EF40043266A /* Build configuration list for PBXProject "DateDayApp" */ = {
			isa = XCConfigurationList;
			buildConfigurations = (
				68CED3472C6C8EF50043266A /* Debug */,
				68CED3482C6C8EF50043266A /* Release */,
			);
			defaultConfigurationIsVisible = 0;
			defaultConfigurationName = Release;
		};
		68CED3492C6C8EF50043266A /* Build configuration list for PBXNativeTarget "DateDayApp" */ = {
			isa = XCConfigurationList;
			buildConfigurations = (
				68CED34A2C6C8EF50043266A /* Debug */,
				68CED34B2C6C8EF50043266A /* Release */,
			);
			defaultConfigurationIsVisible = 0;
			defaultConfigurationName = Release;
		};
/* End XCConfigurationList section */

/* Begin XCRemoteSwiftPackageReference section */
		68CED3502C6C91470043266A /* XCRemoteSwiftPackageReference "Alamofire" */ = {
			isa = XCRemoteSwiftPackageReference;
			repositoryURL = "https://github.com/Alamofire/Alamofire.git";
			requirement = {
				kind = upToNextMajorVersion;
				minimumVersion = 5.9.1;
			};
		};
		68CED3532C6C91500043266A /* XCRemoteSwiftPackageReference "Kingfisher" */ = {
			isa = XCRemoteSwiftPackageReference;
			repositoryURL = "https://github.com/onevcat/Kingfisher.git";
			requirement = {
				kind = upToNextMajorVersion;
				minimumVersion = 7.12.0;
			};
		};
		68CED3562C6C915C0043266A /* XCRemoteSwiftPackageReference "SnapKit" */ = {
			isa = XCRemoteSwiftPackageReference;
			repositoryURL = "https://github.com/SnapKit/SnapKit.git";
			requirement = {
				kind = upToNextMajorVersion;
				minimumVersion = 5.7.1;
			};
		};
		68CED3592C6C916C0043266A /* XCRemoteSwiftPackageReference "RxSwift" */ = {
			isa = XCRemoteSwiftPackageReference;
			repositoryURL = "https://github.com/ReactiveX/RxSwift.git";
			requirement = {
				kind = upToNextMajorVersion;
				minimumVersion = 6.7.1;
			};
		};
		68CED3CD2C7338710043266A /* XCRemoteSwiftPackageReference "Cosmos" */ = {
			isa = XCRemoteSwiftPackageReference;
			repositoryURL = "https://github.com/evgenyneu/Cosmos.git";
			requirement = {
				kind = upToNextMajorVersion;
				minimumVersion = 25.0.1;
			};
		};
/* End XCRemoteSwiftPackageReference section */

/* Begin XCSwiftPackageProductDependency section */
		68CED3512C6C91470043266A /* Alamofire */ = {
			isa = XCSwiftPackageProductDependency;
			package = 68CED3502C6C91470043266A /* XCRemoteSwiftPackageReference "Alamofire" */;
			productName = Alamofire;
		};
		68CED3542C6C91500043266A /* Kingfisher */ = {
			isa = XCSwiftPackageProductDependency;
			package = 68CED3532C6C91500043266A /* XCRemoteSwiftPackageReference "Kingfisher" */;
			productName = Kingfisher;
		};
		68CED3572C6C915C0043266A /* SnapKit */ = {
			isa = XCSwiftPackageProductDependency;
			package = 68CED3562C6C915C0043266A /* XCRemoteSwiftPackageReference "SnapKit" */;
			productName = SnapKit;
		};
		68CED35A2C6C916C0043266A /* RxCocoa */ = {
			isa = XCSwiftPackageProductDependency;
			package = 68CED3592C6C916C0043266A /* XCRemoteSwiftPackageReference "RxSwift" */;
			productName = RxCocoa;
		};
		68CED35C2C6C916C0043266A /* RxSwift */ = {
			isa = XCSwiftPackageProductDependency;
			package = 68CED3592C6C916C0043266A /* XCRemoteSwiftPackageReference "RxSwift" */;
			productName = RxSwift;
		};
		68CED3CE2C7338710043266A /* Cosmos */ = {
			isa = XCSwiftPackageProductDependency;
			package = 68CED3CD2C7338710043266A /* XCRemoteSwiftPackageReference "Cosmos" */;
			productName = Cosmos;
		};
/* End XCSwiftPackageProductDependency section */
	};
	rootObject = 68CED32D2C6C8EF40043266A /* Project object */;
}
